
Microsoft Visual Studio Solution File, Format Version 12.00
# Visual Studio Version 17
VisualStudioVersion = 17.8.34330.188
MinimumVisualStudioVersion = 10.0.40219.1
Project("{FAE04EC0-301F-11D3-BF4B-00C04F79EFBC}") = "loctext_Tool", "loctext_Tool.csproj", "{8C90085D-05CB-49A4-A082-2C34EB476076}"
EndProject
Global
	GlobalSection(SolutionConfigurationPlatforms) = preSolution
		Debug|Any CPU = Debug|Any CPU
		Release|Any CPU = Release|Any CPU
	EndGlobalSection
	GlobalSection(ProjectConfigurationPlatforms) = postSolution
		{8C90085D-05CB-49A4-A082-2C34EB476076}.Debug|Any CPU.ActiveCfg = Debug|Any CPU
		{8C90085D-05CB-49A4-A082-2C34EB476076}.Debug|Any CPU.Build.0 = Debug|Any CPU
		{8C90085D-05CB-49A4-A082-2C34EB476076}.Release|Any CPU.ActiveCfg = Release|Any CPU
		{8C90085D-05CB-49A4-A082-2C34EB476076}.Release|Any CPU.Build.0 = Release|Any CPU
	EndGlobalSection
	GlobalSection(SolutionProperties) = preSolution
		HideSolutionNode = FALSE
	EndGlobalSection
	GlobalSection(ExtensibilityGlobals) = postSolution
		SolutionGuid = {7C2AA866-9C6B-4F4E-8078-712598CEFB78}
	EndGlobalSection
EndGlobal
